// !$*UTF8*$!
{
	archiveVersion = 1;
	classes = {
	};
	objectVersion = 55;
	objects = {

/* Begin PBXBuildFile section */
		8538CFAC29CA0A9100C0A6FD /* LinkedList.swift in Sources */ = {isa = PBXBuildFile; fileRef = 8538CFAB29CA0A9100C0A6FD /* LinkedList.swift */; };
		8538CFAE29CA0BCA00C0A6FD /* RootTabView.swift in Sources */ = {isa = PBXBuildFile; fileRef = 8538CFAD29CA0BCA00C0A6FD /* RootTabView.swift */; };
		8538CFB029CA0C0800C0A6FD /* LinkedListView.swift in Sources */ = {isa = PBXBuildFile; fileRef = 8538CFAF29CA0C0800C0A6FD /* LinkedListView.swift */; };
		856C518E29C0C63A007FA23B /* VisualisingDataStructuresApp.swift in Sources */ = {isa = PBXBuildFile; fileRef = 856C518D29C0C63A007FA23B /* VisualisingDataStructuresApp.swift */; };
		856C519029C0C63A007FA23B /* StackView.swift in Sources */ = {isa = PBXBuildFile; fileRef = 856C518F29C0C63A007FA23B /* StackView.swift */; };
		856C519229C0C63D007FA23B /* Assets.xcassets in Resources */ = {isa = PBXBuildFile; fileRef = 856C519129C0C63D007FA23B /* Assets.xcassets */; };
		856C519529C0C63D007FA23B /* Preview Assets.xcassets in Resources */ = {isa = PBXBuildFile; fileRef = 856C519429C0C63D007FA23B /* Preview Assets.xcassets */; };
		856C519F29C0C63D007FA23B /* VisualisingDataStructuresTests.swift in Sources */ = {isa = PBXBuildFile; fileRef = 856C519E29C0C63D007FA23B /* VisualisingDataStructuresTests.swift */; };
		856C51A929C0C63D007FA23B /* VisualisingDataStructuresUITests.swift in Sources */ = {isa = PBXBuildFile; fileRef = 856C51A829C0C63D007FA23B /* VisualisingDataStructuresUITests.swift */; };
		856C51AB29C0C63D007FA23B /* VisualisingDataStructuresUITestsLaunchTests.swift in Sources */ = {isa = PBXBuildFile; fileRef = 856C51AA29C0C63D007FA23B /* VisualisingDataStructuresUITestsLaunchTests.swift */; };
		856C51BB29C0CA27007FA23B /* QueueView.swift in Sources */ = {isa = PBXBuildFile; fileRef = 856C51BA29C0CA27007FA23B /* QueueView.swift */; };
		856C51BE29C0CBDC007FA23B /* Stack.swift in Sources */ = {isa = PBXBuildFile; fileRef = 856C51BD29C0CBDC007FA23B /* Stack.swift */; };
		856C51C029C0CC6F007FA23B /* Queue.swift in Sources */ = {isa = PBXBuildFile; fileRef = 856C51BF29C0CC6E007FA23B /* Queue.swift */; };
/* End PBXBuildFile section */

/* Begin PBXContainerItemProxy section */
		856C519B29C0C63D007FA23B /* PBXContainerItemProxy */ = {
			isa = PBXContainerItemProxy;
			containerPortal = 856C518229C0C63A007FA23B /* Project object */;
			proxyType = 1;
			remoteGlobalIDString = 856C518929C0C63A007FA23B;
			remoteInfo = VisualisingDataStructures;
		};
		856C51A529C0C63D007FA23B /* PBXContainerItemProxy */ = {
			isa = PBXContainerItemProxy;
			containerPortal = 856C518229C0C63A007FA23B /* Project object */;
			proxyType = 1;
			remoteGlobalIDString = 856C518929C0C63A007FA23B;
			remoteInfo = VisualisingDataStructures;
		};
/* End PBXContainerItemProxy section */

/* Begin PBXFileReference section */
		8538CFAB29CA0A9100C0A6FD /* LinkedList.swift */ = {isa = PBXFileReference; lastKnownFileType = sourcecode.swift; path = LinkedList.swift; sourceTree = "<group>"; };
		8538CFAD29CA0BCA00C0A6FD /* RootTabView.swift */ = {isa = PBXFileReference; lastKnownFileType = sourcecode.swift; path = RootTabView.swift; sourceTree = "<group>"; };
		8538CFAF29CA0C0800C0A6FD /* LinkedListView.swift */ = {isa = PBXFileReference; lastKnownFileType = sourcecode.swift; path = LinkedListView.swift; sourceTree = "<group>"; };
		856C518A29C0C63A007FA23B /* VisualisingDataStructures.app */ = {isa = PBXFileReference; explicitFileType = wrapper.application; includeInIndex = 0; path = VisualisingDataStructures.app; sourceTree = BUILT_PRODUCTS_DIR; };
		856C518D29C0C63A007FA23B /* VisualisingDataStructuresApp.swift */ = {isa = PBXFileReference; lastKnownFileType = sourcecode.swift; path = VisualisingDataStructuresApp.swift; sourceTree = "<group>"; };
		856C518F29C0C63A007FA23B /* StackView.swift */ = {isa = PBXFileReference; lastKnownFileType = sourcecode.swift; path = StackView.swift; sourceTree = "<group>"; };
		856C519129C0C63D007FA23B /* Assets.xcassets */ = {isa = PBXFileReference; lastKnownFileType = folder.assetcatalog; path = Assets.xcassets; sourceTree = "<group>"; };
		856C519429C0C63D007FA23B /* Preview Assets.xcassets */ = {isa = PBXFileReference; lastKnownFileType = folder.assetcatalog; path = "Preview Assets.xcassets"; sourceTree = "<group>"; };
		856C519A29C0C63D007FA23B /* VisualisingDataStructuresTests.xctest */ = {isa = PBXFileReference; explicitFileType = wrapper.cfbundle; includeInIndex = 0; path = VisualisingDataStructuresTests.xctest; sourceTree = BUILT_PRODUCTS_DIR; };
		856C519E29C0C63D007FA23B /* VisualisingDataStructuresTests.swift */ = {isa = PBXFileReference; lastKnownFileType = sourcecode.swift; path = VisualisingDataStructuresTests.swift; sourceTree = "<group>"; };
		856C51A429C0C63D007FA23B /* VisualisingDataStructuresUITests.xctest */ = {isa = PBXFileReference; explicitFileType = wrapper.cfbundle; includeInIndex = 0; path = VisualisingDataStructuresUITests.xctest; sourceTree = BUILT_PRODUCTS_DIR; };
		856C51A829C0C63D007FA23B /* VisualisingDataStructuresUITests.swift */ = {isa = PBXFileReference; lastKnownFileType = sourcecode.swift; path = VisualisingDataStructuresUITests.swift; sourceTree = "<group>"; };
		856C51AA29C0C63D007FA23B /* VisualisingDataStructuresUITestsLaunchTests.swift */ = {isa = PBXFileReference; lastKnownFileType = sourcecode.swift; path = VisualisingDataStructuresUITestsLaunchTests.swift; sourceTree = "<group>"; };
		856C51BA29C0CA27007FA23B /* QueueView.swift */ = {isa = PBXFileReference; lastKnownFileType = sourcecode.swift; path = QueueView.swift; sourceTree = "<group>"; };
		856C51BD29C0CBDC007FA23B /* Stack.swift */ = {isa = PBXFileReference; lastKnownFileType = sourcecode.swift; path = Stack.swift; sourceTree = "<group>"; };
		856C51BF29C0CC6E007FA23B /* Queue.swift */ = {isa = PBXFileReference; lastKnownFileType = sourcecode.swift; path = Queue.swift; sourceTree = "<group>"; };
		85EE50CC29C0FC4000C4EED3 /* Info.plist */ = {isa = PBXFileReference; lastKnownFileType = text.plist; path = Info.plist; sourceTree = "<group>"; };
/* End PBXFileReference section */

/* Begin PBXFrameworksBuildPhase section */
		856C518729C0C63A007FA23B /* Frameworks */ = {
			isa = PBXFrameworksBuildPhase;
			buildActionMask = 2147483647;
			files = (
			);
			runOnlyForDeploymentPostprocessing = 0;
		};
		856C519729C0C63D007FA23B /* Frameworks */ = {
			isa = PBXFrameworksBuildPhase;
			buildActionMask = 2147483647;
			files = (
			);
			runOnlyForDeploymentPostprocessing = 0;
		};
		856C51A129C0C63D007FA23B /* Frameworks */ = {
			isa = PBXFrameworksBuildPhase;
			buildActionMask = 2147483647;
			files = (
			);
			runOnlyForDeploymentPostprocessing = 0;
		};
/* End PBXFrameworksBuildPhase section */

/* Begin PBXGroup section */
		856C518129C0C63A007FA23B = {
			isa = PBXGroup;
			children = (
				856C518C29C0C63A007FA23B /* VisualisingDataStructures */,
				856C519D29C0C63D007FA23B /* VisualisingDataStructuresTests */,
				856C51A729C0C63D007FA23B /* VisualisingDataStructuresUITests */,
				856C518B29C0C63A007FA23B /* Products */,
			);
			sourceTree = "<group>";
		};
		856C518B29C0C63A007FA23B /* Products */ = {
			isa = PBXGroup;
			children = (
				856C518A29C0C63A007FA23B /* VisualisingDataStructures.app */,
				856C519A29C0C63D007FA23B /* VisualisingDataStructuresTests.xctest */,
				856C51A429C0C63D007FA23B /* VisualisingDataStructuresUITests.xctest */,
			);
			name = Products;
			sourceTree = "<group>";
		};
		856C518C29C0C63A007FA23B /* VisualisingDataStructures */ = {
			isa = PBXGroup;
			children = (
				85EE50CC29C0FC4000C4EED3 /* Info.plist */,
				856C51BC29C0CBCE007FA23B /* Data Structures */,
				856C51B729C0C9DC007FA23B /* Views */,
				856C518D29C0C63A007FA23B /* VisualisingDataStructuresApp.swift */,
				856C519129C0C63D007FA23B /* Assets.xcassets */,
				856C519329C0C63D007FA23B /* Preview Content */,
			);
			path = VisualisingDataStructures;
			sourceTree = "<group>";
		};
		856C519329C0C63D007FA23B /* Preview Content */ = {
			isa = PBXGroup;
			children = (
				856C519429C0C63D007FA23B /* Preview Assets.xcassets */,
			);
			path = "Preview Content";
			sourceTree = "<group>";
		};
		856C519D29C0C63D007FA23B /* VisualisingDataStructuresTests */ = {
			isa = PBXGroup;
			children = (
				856C519E29C0C63D007FA23B /* VisualisingDataStructuresTests.swift */,
			);
			path = VisualisingDataStructuresTests;
			sourceTree = "<group>";
		};
		856C51A729C0C63D007FA23B /* VisualisingDataStructuresUITests */ = {
			isa = PBXGroup;
			children = (
				856C51A829C0C63D007FA23B /* VisualisingDataStructuresUITests.swift */,
				856C51AA29C0C63D007FA23B /* VisualisingDataStructuresUITestsLaunchTests.swift */,
			);
			path = VisualisingDataStructuresUITests;
			sourceTree = "<group>";
		};
		856C51B729C0C9DC007FA23B /* Views */ = {
			isa = PBXGroup;
			children = (
				856C518F29C0C63A007FA23B /* StackView.swift */,
				856C51BA29C0CA27007FA23B /* QueueView.swift */,
				8538CFAF29CA0C0800C0A6FD /* LinkedListView.swift */,
				8538CFAD29CA0BCA00C0A6FD /* RootTabView.swift */,
			);
			path = Views;
			sourceTree = "<group>";
		};
		856C51BC29C0CBCE007FA23B /* Data Structures */ = {
			isa = PBXGroup;
			children = (
				8538CFAB29CA0A9100C0A6FD /* LinkedList.swift */,
				856C51BD29C0CBDC007FA23B /* Stack.swift */,
				856C51BF29C0CC6E007FA23B /* Queue.swift */,
			);
			path = "Data Structures";
			sourceTree = "<group>";
		};
/* End PBXGroup section */

/* Begin PBXNativeTarget section */
		856C518929C0C63A007FA23B /* VisualisingDataStructures */ = {
			isa = PBXNativeTarget;
			buildConfigurationList = 856C51AE29C0C63D007FA23B /* Build configuration list for PBXNativeTarget "VisualisingDataStructures" */;
			buildPhases = (
				856C518629C0C63A007FA23B /* Sources */,
				856C518729C0C63A007FA23B /* Frameworks */,
				856C518829C0C63A007FA23B /* Resources */,
			);
			buildRules = (
			);
			dependencies = (
			);
			name = VisualisingDataStructures;
			productName = VisualisingDataStructures;
			productReference = 856C518A29C0C63A007FA23B /* VisualisingDataStructures.app */;
			productType = "com.apple.product-type.application";
		};
		856C519929C0C63D007FA23B /* VisualisingDataStructuresTests */ = {
			isa = PBXNativeTarget;
			buildConfigurationList = 856C51B129C0C63D007FA23B /* Build configuration list for PBXNativeTarget "VisualisingDataStructuresTests" */;
			buildPhases = (
				856C519629C0C63D007FA23B /* Sources */,
				856C519729C0C63D007FA23B /* Frameworks */,
				856C519829C0C63D007FA23B /* Resources */,
			);
			buildRules = (
			);
			dependencies = (
				856C519C29C0C63D007FA23B /* PBXTargetDependency */,
			);
			name = VisualisingDataStructuresTests;
			productName = VisualisingDataStructuresTests;
			productReference = 856C519A29C0C63D007FA23B /* VisualisingDataStructuresTests.xctest */;
			productType = "com.apple.product-type.bundle.unit-test";
		};
		856C51A329C0C63D007FA23B /* VisualisingDataStructuresUITests */ = {
			isa = PBXNativeTarget;
			buildConfigurationList = 856C51B429C0C63D007FA23B /* Build configuration list for PBXNativeTarget "VisualisingDataStructuresUITests" */;
			buildPhases = (
				856C51A029C0C63D007FA23B /* Sources */,
				856C51A129C0C63D007FA23B /* Frameworks */,
				856C51A229C0C63D007FA23B /* Resources */,
			);
			buildRules = (
			);
			dependencies = (
				856C51A629C0C63D007FA23B /* PBXTargetDependency */,
			);
			name = VisualisingDataStructuresUITests;
			productName = VisualisingDataStructuresUITests;
			productReference = 856C51A429C0C63D007FA23B /* VisualisingDataStructuresUITests.xctest */;
			productType = "com.apple.product-type.bundle.ui-testing";
		};
/* End PBXNativeTarget section */

/* Begin PBXProject section */
		856C518229C0C63A007FA23B /* Project object */ = {
			isa = PBXProject;
			attributes = {
				BuildIndependentTargetsInParallel = 1;
				LastSwiftUpdateCheck = 1340;
				LastUpgradeCheck = 1340;
				TargetAttributes = {
					856C518929C0C63A007FA23B = {
						CreatedOnToolsVersion = 13.4.1;
					};
					856C519929C0C63D007FA23B = {
						CreatedOnToolsVersion = 13.4.1;
						TestTargetID = 856C518929C0C63A007FA23B;
					};
					856C51A329C0C63D007FA23B = {
						CreatedOnToolsVersion = 13.4.1;
						TestTargetID = 856C518929C0C63A007FA23B;
					};
				};
			};
			buildConfigurationList = 856C518529C0C63A007FA23B /* Build configuration list for PBXProject "VisualisingDataStructures" */;
			compatibilityVersion = "Xcode 13.0";
			developmentRegion = en;
			hasScannedForEncodings = 0;
			knownRegions = (
				en,
				Base,
			);
			mainGroup = 856C518129C0C63A007FA23B;
			productRefGroup = 856C518B29C0C63A007FA23B /* Products */;
			projectDirPath = "";
			projectRoot = "";
			targets = (
				856C518929C0C63A007FA23B /* VisualisingDataStructures */,
				856C519929C0C63D007FA23B /* VisualisingDataStructuresTests */,
				856C51A329C0C63D007FA23B /* VisualisingDataStructuresUITests */,
			);
		};
/* End PBXProject section */

/* Begin PBXResourcesBuildPhase section */
		856C518829C0C63A007FA23B /* Resources */ = {
			isa = PBXResourcesBuildPhase;
			buildActionMask = 2147483647;
			files = (
				856C519529C0C63D007FA23B /* Preview Assets.xcassets in Resources */,
				856C519229C0C63D007FA23B /* Assets.xcassets in Resources */,
			);
			runOnlyForDeploymentPostprocessing = 0;
		};
		856C519829C0C63D007FA23B /* Resources */ = {
			isa = PBXResourcesBuildPhase;
			buildActionMask = 2147483647;
			files = (
			);
			runOnlyForDeploymentPostprocessing = 0;
		};
		856C51A229C0C63D007FA23B /* Resources */ = {
			isa = PBXResourcesBuildPhase;
			buildActionMask = 2147483647;
			files = (
			);
			runOnlyForDeploymentPostprocessing = 0;
		};
/* End PBXResourcesBuildPhase section */

/* Begin PBXSourcesBuildPhase section */
		856C518629C0C63A007FA23B /* Sources */ = {
			isa = PBXSourcesBuildPhase;
			buildActionMask = 2147483647;
			files = (
				8538CFAE29CA0BCA00C0A6FD /* RootTabView.swift in Sources */,
				8538CFAC29CA0A9100C0A6FD /* LinkedList.swift in Sources */,
				856C51C029C0CC6F007FA23B /* Queue.swift in Sources */,
				856C51BE29C0CBDC007FA23B /* Stack.swift in Sources */,
				856C519029C0C63A007FA23B /* StackView.swift in Sources */,
				8538CFB029CA0C0800C0A6FD /* LinkedListView.swift in Sources */,
				856C51BB29C0CA27007FA23B /* QueueView.swift in Sources */,
				856C518E29C0C63A007FA23B /* VisualisingDataStructuresApp.swift in Sources */,
			);
			runOnlyForDeploymentPostprocessing = 0;
		};
		856C519629C0C63D007FA23B /* Sources */ = {
			isa = PBXSourcesBuildPhase;
			buildActionMask = 2147483647;
			files = (
				856C519F29C0C63D007FA23B /* VisualisingDataStructuresTests.swift in Sources */,
			);
			runOnlyForDeploymentPostprocessing = 0;
		};
		856C51A029C0C63D007FA23B /* Sources */ = {
			isa = PBXSourcesBuildPhase;
			buildActionMask = 2147483647;
			files = (
				856C51A929C0C63D007FA23B /* VisualisingDataStructuresUITests.swift in Sources */,
				856C51AB29C0C63D007FA23B /* VisualisingDataStructuresUITestsLaunchTests.swift in Sources */,
			);
			runOnlyForDeploymentPostprocessing = 0;
		};
/* End PBXSourcesBuildPhase section */

/* Begin PBXTargetDependency section */
		856C519C29C0C63D007FA23B /* PBXTargetDependency */ = {
			isa = PBXTargetDependency;
			target = 856C518929C0C63A007FA23B /* VisualisingDataStructures */;
			targetProxy = 856C519B29C0C63D007FA23B /* PBXContainerItemProxy */;
		};
		856C51A629C0C63D007FA23B /* PBXTargetDependency */ = {
			isa = PBXTargetDependency;
			target = 856C518929C0C63A007FA23B /* VisualisingDataStructures */;
			targetProxy = 856C51A529C0C63D007FA23B /* PBXContainerItemProxy */;
		};
/* End PBXTargetDependency section */

/* Begin XCBuildConfiguration section */
		856C51AC29C0C63D007FA23B /* Debug */ = {
			isa = XCBuildConfiguration;
			buildSettings = {
				ALWAYS_SEARCH_USER_PATHS = NO;
				CLANG_ANALYZER_NONNULL = YES;
				CLANG_ANALYZER_NUMBER_OBJECT_CONVERSION = YES_AGGRESSIVE;
				CLANG_CXX_LANGUAGE_STANDARD = "gnu++17";
				CLANG_ENABLE_MODULES = YES;
				CLANG_ENABLE_OBJC_ARC = YES;
				CLANG_ENABLE_OBJC_WEAK = YES;
				CLANG_WARN_BLOCK_CAPTURE_AUTORELEASING = YES;
				CLANG_WARN_BOOL_CONVERSION = YES;
				CLANG_WARN_COMMA = YES;
				CLANG_WARN_CONSTANT_CONVERSION = YES;
				CLANG_WARN_DEPRECATED_OBJC_IMPLEMENTATIONS = YES;
				CLANG_WARN_DIRECT_OBJC_ISA_USAGE = YES_ERROR;
				CLANG_WARN_DOCUMENTATION_COMMENTS = YES;
				CLANG_WARN_EMPTY_BODY = YES;
				CLANG_WARN_ENUM_CONVERSION = YES;
				CLANG_WARN_INFINITE_RECURSION = YES;
				CLANG_WARN_INT_CONVERSION = YES;
				CLANG_WARN_NON_LITERAL_NULL_CONVERSION = YES;
				CLANG_WARN_OBJC_IMPLICIT_RETAIN_SELF = YES;
				CLANG_WARN_OBJC_LITERAL_CONVERSION = YES;
				CLANG_WARN_OBJC_ROOT_CLASS = YES_ERROR;
				CLANG_WARN_QUOTED_INCLUDE_IN_FRAMEWORK_HEADER = YES;
				CLANG_WARN_RANGE_LOOP_ANALYSIS = YES;
				CLANG_WARN_STRICT_PROTOTYPES = YES;
				CLANG_WARN_SUSPICIOUS_MOVE = YES;
				CLANG_WARN_UNGUARDED_AVAILABILITY = YES_AGGRESSIVE;
				CLANG_WARN_UNREACHABLE_CODE = YES;
				CLANG_WARN__DUPLICATE_METHOD_MATCH = YES;
				COPY_PHASE_STRIP = NO;
				DEBUG_INFORMATION_FORMAT = dwarf;
				ENABLE_STRICT_OBJC_MSGSEND = YES;
				ENABLE_TESTABILITY = YES;
				GCC_C_LANGUAGE_STANDARD = gnu11;
				GCC_DYNAMIC_NO_PIC = NO;
				GCC_NO_COMMON_BLOCKS = YES;
				GCC_OPTIMIZATION_LEVEL = 0;
				GCC_PREPROCESSOR_DEFINITIONS = (
					"DEBUG=1",
					"$(inherited)",
				);
				GCC_WARN_64_TO_32_BIT_CONVERSION = YES;
				GCC_WARN_ABOUT_RETURN_TYPE = YES_ERROR;
				GCC_WARN_UNDECLARED_SELECTOR = YES;
				GCC_WARN_UNINITIALIZED_AUTOS = YES_AGGRESSIVE;
				GCC_WARN_UNUSED_FUNCTION = YES;
				GCC_WARN_UNUSED_VARIABLE = YES;
				IPHONEOS_DEPLOYMENT_TARGET = 15.5;
				MTL_ENABLE_DEBUG_INFO = INCLUDE_SOURCE;
				MTL_FAST_MATH = YES;
				ONLY_ACTIVE_ARCH = YES;
				SDKROOT = iphoneos;
				SWIFT_ACTIVE_COMPILATION_CONDITIONS = DEBUG;
				SWIFT_OPTIMIZATION_LEVEL = "-Onone";
			};
			name = Debug;
		};
		856C51AD29C0C63D007FA23B /* Release */ = {
			isa = XCBuildConfiguration;
			buildSettings = {
				ALWAYS_SEARCH_USER_PATHS = NO;
				CLANG_ANALYZER_NONNULL = YES;
				CLANG_ANALYZER_NUMBER_OBJECT_CONVERSION = YES_AGGRESSIVE;
				CLANG_CXX_LANGUAGE_STANDARD = "gnu++17";
				CLANG_ENABLE_MODULES = YES;
				CLANG_ENABLE_OBJC_ARC = YES;
				CLANG_ENABLE_OBJC_WEAK = YES;
				CLANG_WARN_BLOCK_CAPTURE_AUTORELEASING = YES;
				CLANG_WARN_BOOL_CONVERSION = YES;
				CLANG_WARN_COMMA = YES;
				CLANG_WARN_CONSTANT_CONVERSION = YES;
				CLANG_WARN_DEPRECATED_OBJC_IMPLEMENTATIONS = YES;
				CLANG_WARN_DIRECT_OBJC_ISA_USAGE = YES_ERROR;
				CLANG_WARN_DOCUMENTATION_COMMENTS = YES;
				CLANG_WARN_EMPTY_BODY = YES;
				CLANG_WARN_ENUM_CONVERSION = YES;
				CLANG_WARN_INFINITE_RECURSION = YES;
				CLANG_WARN_INT_CONVERSION = YES;
				CLANG_WARN_NON_LITERAL_NULL_CONVERSION = YES;
				CLANG_WARN_OBJC_IMPLICIT_RETAIN_SELF = YES;
				CLANG_WARN_OBJC_LITERAL_CONVERSION = YES;
				CLANG_WARN_OBJC_ROOT_CLASS = YES_ERROR;
				CLANG_WARN_QUOTED_INCLUDE_IN_FRAMEWORK_HEADER = YES;
				CLANG_WARN_RANGE_LOOP_ANALYSIS = YES;
				CLANG_WARN_STRICT_PROTOTYPES = YES;
				CLANG_WARN_SUSPICIOUS_MOVE = YES;
				CLANG_WARN_UNGUARDED_AVAILABILITY = YES_AGGRESSIVE;
				CLANG_WARN_UNREACHABLE_CODE = YES;
				CLANG_WARN__DUPLICATE_METHOD_MATCH = YES;
				COPY_PHASE_STRIP = NO;
				DEBUG_INFORMATION_FORMAT = "dwarf-with-dsym";
				ENABLE_NS_ASSERTIONS = NO;
				ENABLE_STRICT_OBJC_MSGSEND = YES;
				GCC_C_LANGUAGE_STANDARD = gnu11;
				GCC_NO_COMMON_BLOCKS = YES;
				GCC_WARN_64_TO_32_BIT_CONVERSION = YES;
				GCC_WARN_ABOUT_RETURN_TYPE = YES_ERROR;
				GCC_WARN_UNDECLARED_SELECTOR = YES;
				GCC_WARN_UNINITIALIZED_AUTOS = YES_AGGRESSIVE;
				GCC_WARN_UNUSED_FUNCTION = YES;
				GCC_WARN_UNUSED_VARIABLE = YES;
				IPHONEOS_DEPLOYMENT_TARGET = 15.5;
				MTL_ENABLE_DEBUG_INFO = NO;
				MTL_FAST_MATH = YES;
				SDKROOT = iphoneos;
				SWIFT_COMPILATION_MODE = wholemodule;
				SWIFT_OPTIMIZATION_LEVEL = "-O";
				VALIDATE_PRODUCT = YES;
			};
			name = Release;
		};
		856C51AF29C0C63D007FA23B /* Debug */ = {
			isa = XCBuildConfiguration;
			buildSettings = {
				ASSETCATALOG_COMPILER_APPICON_NAME = AppIcon;
				ASSETCATALOG_COMPILER_GLOBAL_ACCENT_COLOR_NAME = AccentColor;
				CODE_SIGN_STYLE = Automatic;
				CURRENT_PROJECT_VERSION = 1;
				DEVELOPMENT_ASSET_PATHS = "\"VisualisingDataStructures/Preview Content\"";
				DEVELOPMENT_TEAM = 6RF82GHTPV;
				ENABLE_PREVIEWS = YES;
				GENERATE_INFOPLIST_FILE = YES;
				INFOPLIST_FILE = VisualisingDataStructures/Info.plist;
				INFOPLIST_KEY_UIApplicationSceneManifest_Generation = YES;
				INFOPLIST_KEY_UIApplicationSupportsIndirectInputEvents = YES;
				INFOPLIST_KEY_UILaunchScreen_Generation = YES;
				INFOPLIST_KEY_UISupportedInterfaceOrientations_iPad = "UIInterfaceOrientationPortrait UIInterfaceOrientationPortraitUpsideDown UIInterfaceOrientationLandscapeLeft UIInterfaceOrientationLandscapeRight";
				INFOPLIST_KEY_UISupportedInterfaceOrientations_iPhone = "UIInterfaceOrientationPortrait UIInterfaceOrientationLandscapeLeft UIInterfaceOrientationLandscapeRight";
				INFOPLIST_KEY_UIUserInterfaceStyle = Light;
				LD_RUNPATH_SEARCH_PATHS = (
					"$(inherited)",
					"@executable_path/Frameworks",
				);
				MARKETING_VERSION = 1.0;
				PRODUCT_BUNDLE_IDENTIFIER = com.mountain.VisualisingDataStructures;
				PRODUCT_NAME = "$(TARGET_NAME)";
				SWIFT_EMIT_LOC_STRINGS = YES;
				SWIFT_VERSION = 5.0;
				TARGETED_DEVICE_FAMILY = "1,2";
			};
			name = Debug;
		};
		856C51B029C0C63D007FA23B /* Release */ = {
			isa = XCBuildConfiguration;
			buildSettings = {
				ASSETCATALOG_COMPILER_APPICON_NAME = AppIcon;
				ASSETCATALOG_COMPILER_GLOBAL_ACCENT_COLOR_NAME = AccentColor;
				CODE_SIGN_STYLE = Automatic;
				CURRENT_PROJECT_VERSION = 1;
				DEVELOPMENT_ASSET_PATHS = "\"VisualisingDataStructures/Preview Content\"";
				DEVELOPMENT_TEAM = 6RF82GHTPV;
				ENABLE_PREVIEWS = YES;
				GENERATE_INFOPLIST_FILE = YES;
				INFOPLIST_FILE = VisualisingDataStructures/Info.plist;
				INFOPLIST_KEY_UIApplicationSceneManifest_Generation = YES;
				INFOPLIST_KEY_UIApplicationSupportsIndirectInputEvents = YES;
				INFOPLIST_KEY_UILaunchScreen_Generation = YES;
				INFOPLIST_KEY_UISupportedInterfaceOrientations_iPad = "UIInterfaceOrientationPortrait UIInterfaceOrientationPortraitUpsideDown UIInterfaceOrientationLandscapeLeft UIInterfaceOrientationLandscapeRight";
				INFOPLIST_KEY_UISupportedInterfaceOrientations_iPhone = "UIInterfaceOrientationPortrait UIInterfaceOrientationLandscapeLeft UIInterfaceOrientationLandscapeRight";
				INFOPLIST_KEY_UIUserInterfaceStyle = Light;
				LD_RUNPATH_SEARCH_PATHS = (
					"$(inherited)",
					"@executable_path/Frameworks",
				);
				MARKETING_VERSION = 1.0;
				PRODUCT_BUNDLE_IDENTIFIER = com.mountain.VisualisingDataStructures;
				PRODUCT_NAME = "$(TARGET_NAME)";
				SWIFT_EMIT_LOC_STRINGS = YES;
				SWIFT_VERSION = 5.0;
				TARGETED_DEVICE_FAMILY = "1,2";
			};
			name = Release;
		};
		856C51B229C0C63D007FA23B /* Debug */ = {
			isa = XCBuildConfiguration;
			buildSettings = {
				ALWAYS_EMBED_SWIFT_STANDARD_LIBRARIES = YES;
				BUNDLE_LOADER = "$(TEST_HOST)";
				CODE_SIGN_STYLE = Automatic;
				CURRENT_PROJECT_VERSION = 1;
				DEVELOPMENT_TEAM = 6RF82GHTPV;
				GENERATE_INFOPLIST_FILE = YES;
				IPHONEOS_DEPLOYMENT_TARGET = 15.5;
				MARKETING_VERSION = 1.0;
				PRODUCT_BUNDLE_IDENTIFIER = com.mountain.VisualisingDataStructuresTests;
				PRODUCT_NAME = "$(TARGET_NAME)";
				SWIFT_EMIT_LOC_STRINGS = NO;
				SWIFT_VERSION = 5.0;
				TARGETED_DEVICE_FAMILY = "1,2";
				TEST_HOST = "$(BUILT_PRODUCTS_DIR)/VisualisingDataStructures.app/VisualisingDataStructures";
			};
			name = Debug;
		};
		856C51B329C0C63D007FA23B /* Release */ = {
			isa = XCBuildConfiguration;
			buildSettings = {
				ALWAYS_EMBED_SWIFT_STANDARD_LIBRARIES = YES;
				BUNDLE_LOADER = "$(TEST_HOST)";
				CODE_SIGN_STYLE = Automatic;
				CURRENT_PROJECT_VERSION = 1;
				DEVELOPMENT_TEAM = 6RF82GHTPV;
				GENERATE_INFOPLIST_FILE = YES;
				IPHONEOS_DEPLOYMENT_TARGET = 15.5;
				MARKETING_VERSION = 1.0;
				PRODUCT_BUNDLE_IDENTIFIER = com.mountain.VisualisingDataStructuresTests;
				PRODUCT_NAME = "$(TARGET_NAME)";
				SWIFT_EMIT_LOC_STRINGS = NO;
				SWIFT_VERSION = 5.0;
				TARGETED_DEVICE_FAMILY = "1,2";
				TEST_HOST = "$(BUILT_PRODUCTS_DIR)/VisualisingDataStructures.app/VisualisingDataStructures";
			};
			name = Release;
		};
		856C51B529C0C63D007FA23B /* Debug */ = {
			isa = XCBuildConfiguration;
			buildSettings = {
				ALWAYS_EMBED_SWIFT_STANDARD_LIBRARIES = YES;
				CODE_SIGN_STYLE = Automatic;
				CURRENT_PROJECT_VERSION = 1;
				DEVELOPMENT_TEAM = 6RF82GHTPV;
				GENERATE_INFOPLIST_FILE = YES;
				MARKETING_VERSION = 1.0;
				PRODUCT_BUNDLE_IDENTIFIER = com.mountain.VisualisingDataStructuresUITests;
				PRODUCT_NAME = "$(TARGET_NAME)";
				SWIFT_EMIT_LOC_STRINGS = NO;
				SWIFT_VERSION = 5.0;
				TARGETED_DEVICE_FAMILY = "1,2";
				TEST_TARGET_NAME = VisualisingDataStructures;
			};
			name = Debug;
		};
		856C51B629C0C63D007FA23B /* Release */ = {
			isa = XCBuildConfiguration;
			buildSettings = {
				ALWAYS_EMBED_SWIFT_STANDARD_LIBRARIES = YES;
				CODE_SIGN_STYLE = Automatic;
				CURRENT_PROJECT_VERSION = 1;
				DEVELOPMENT_TEAM = 6RF82GHTPV;
				GENERATE_INFOPLIST_FILE = YES;
				MARKETING_VERSION = 1.0;
				PRODUCT_BUNDLE_IDENTIFIER = com.mountain.VisualisingDataStructuresUITests;
				PRODUCT_NAME = "$(TARGET_NAME)";
				SWIFT_EMIT_LOC_STRINGS = NO;
				SWIFT_VERSION = 5.0;
				TARGETED_DEVICE_FAMILY = "1,2";
				TEST_TARGET_NAME = VisualisingDataStructures;
			};
			name = Release;
		};
/* End XCBuildConfiguration section */

/* Begin XCConfigurationList section */
		856C518529C0C63A007FA23B /* Build configuration list for PBXProject "VisualisingDataStructures" */ = {
			isa = XCConfigurationList;
			buildConfigurations = (
				856C51AC29C0C63D007FA23B /* Debug */,
				856C51AD29C0C63D007FA23B /* Release */,
			);
			defaultConfigurationIsVisible = 0;
			defaultConfigurationName = Release;
		};
		856C51AE29C0C63D007FA23B /* Build configuration list for PBXNativeTarget "VisualisingDataStructures" */ = {
			isa = XCConfigurationList;
			buildConfigurations = (
				856C51AF29C0C63D007FA23B /* Debug */,
				856C51B029C0C63D007FA23B /* Release */,
			);
			defaultConfigurationIsVisible = 0;
			defaultConfigurationName = Release;
		};
		856C51B129C0C63D007FA23B /* Build configuration list for PBXNativeTarget "VisualisingDataStructuresTests" */ = {
			isa = XCConfigurationList;
			buildConfigurations = (
				856C51B229C0C63D007FA23B /* Debug */,
				856C51B329C0C63D007FA23B /* Release */,
			);
			defaultConfigurationIsVisible = 0;
			defaultConfigurationName = Release;
		};
		856C51B429C0C63D007FA23B /* Build configuration list for PBXNativeTarget "VisualisingDataStructuresUITests" */ = {
			isa = XCConfigurationList;
			buildConfigurations = (
				856C51B529C0C63D007FA23B /* Debug */,
				856C51B629C0C63D007FA23B /* Release */,
			);
			defaultConfigurationIsVisible = 0;
			defaultConfigurationName = Release;
		};
/* End XCConfigurationList section */
	};
	rootObject = 856C518229C0C63A007FA23B /* Project object */;
}
